
Microsoft Visual Studio Solution File, Format Version 12.00
Project("{2150E333-8FDC-42A3-9474-1A3956D46DE8}") = "Tracer", "Tracer", "{6D0D496E-8FB3-4704-A55A-B9D77761E75F}"
EndProject
Project("{2150E333-8FDC-42A3-9474-1A3956D46DE8}") = "Tracer.Serialization", "Tracer.Serialization", "{868F687A-85FB-4FBE-8A55-6D41322387CA}"
EndProject
Project("{FAE04EC0-301F-11D3-BF4B-00C04F79EFBC}") = "Tracer.Core", "Tracer.Core\Tracer.Core.csproj", "{DECA999B-1297-4304-868E-939E98254A33}"
EndProject
Project("{FAE04EC0-301F-11D3-BF4B-00C04F79EFBC}") = "Tracer.Core.Tests", " Tracer.Core.Tests\Tracer.Core.Tests.csproj", "{8C5CD065-BF75-4FB8-BCEB-8539D836795B}"
EndProject
Project("{FAE04EC0-301F-11D3-BF4B-00C04F79EFBC}") = "Tracer.Serialization.Abstractions", "Tracer.Serialization.Abstractions\Tracer.Serialization.Abstractions.csproj", "{49ED0EB7-C8C1-4428-93FE-AEA778A5EE82}"
EndProject
Project("{FAE04EC0-301F-11D3-BF4B-00C04F79EFBC}") = "Tracer.Serialization", "Tracer.Serialization\Tracer.Serialization.csproj", "{162B83D9-8A8B-4D68-BF87-F7BCF7196CE6}"
EndProject
Project("{FAE04EC0-301F-11D3-BF4B-00C04F79EFBC}") = "Tracer.Example", "Tracer.Example\Tracer.Example.csproj", "{2F3D8CB9-4330-4D8E-A0B6-2C45D3E979C7}"
EndProject
Project("{FAE04EC0-301F-11D3-BF4B-00C04F79EFBC}") = "Tracer.Serialization.Json", "Tracer.Serialization.Json\Tracer.Serialization.Json.csproj", "{472C6D98-A976-46A0-84AE-9F5D3E115D5F}"
EndProject
Project("{FAE04EC0-301F-11D3-BF4B-00C04F79EFBC}") = "Tracer.Serialization.Yaml", "Tracer.Serialization.Yaml\Tracer.Serialization.Yaml.csproj", "{9EC1D275-5618-470E-930F-40F0565FA163}"
EndProject
Project("{FAE04EC0-301F-11D3-BF4B-00C04F79EFBC}") = "Tracer.Serialization.Xml", "Tracer.Serialization.Xml\Tracer.Serialization.Xml.csproj", "{ACB1F803-6815-4F74-8545-04494F690318}"
EndProject
Global
	GlobalSection(SolutionConfigurationPlatforms) = preSolution
		Debug|Any CPU = Debug|Any CPU
		Release|Any CPU = Release|Any CPU
	EndGlobalSection
	GlobalSection(ProjectConfigurationPlatforms) = postSolution
		{DECA999B-1297-4304-868E-939E98254A33}.Debug|Any CPU.ActiveCfg = Debug|Any CPU
		{DECA999B-1297-4304-868E-939E98254A33}.Debug|Any CPU.Build.0 = Debug|Any CPU
		{DECA999B-1297-4304-868E-939E98254A33}.Release|Any CPU.ActiveCfg = Release|Any CPU
		{DECA999B-1297-4304-868E-939E98254A33}.Release|Any CPU.Build.0 = Release|Any CPU
		{8C5CD065-BF75-4FB8-BCEB-8539D836795B}.Debug|Any CPU.ActiveCfg = Debug|Any CPU
		{8C5CD065-BF75-4FB8-BCEB-8539D836795B}.Debug|Any CPU.Build.0 = Debug|Any CPU
		{8C5CD065-BF75-4FB8-BCEB-8539D836795B}.Release|Any CPU.ActiveCfg = Release|Any CPU
		{8C5CD065-BF75-4FB8-BCEB-8539D836795B}.Release|Any CPU.Build.0 = Release|Any CPU
		{49ED0EB7-C8C1-4428-93FE-AEA778A5EE82}.Debug|Any CPU.ActiveCfg = Debug|Any CPU
		{49ED0EB7-C8C1-4428-93FE-AEA778A5EE82}.Debug|Any CPU.Build.0 = Debug|Any CPU
		{49ED0EB7-C8C1-4428-93FE-AEA778A5EE82}.Release|Any CPU.ActiveCfg = Release|Any CPU
		{49ED0EB7-C8C1-4428-93FE-AEA778A5EE82}.Release|Any CPU.Build.0 = Release|Any CPU
		{162B83D9-8A8B-4D68-BF87-F7BCF7196CE6}.Debug|Any CPU.ActiveCfg = Debug|Any CPU
		{162B83D9-8A8B-4D68-BF87-F7BCF7196CE6}.Debug|Any CPU.Build.0 = Debug|Any CPU
		{162B83D9-8A8B-4D68-BF87-F7BCF7196CE6}.Release|Any CPU.ActiveCfg = Release|Any CPU
		{162B83D9-8A8B-4D68-BF87-F7BCF7196CE6}.Release|Any CPU.Build.0 = Release|Any CPU
		{2F3D8CB9-4330-4D8E-A0B6-2C45D3E979C7}.Debug|Any CPU.ActiveCfg = Debug|Any CPU
		{2F3D8CB9-4330-4D8E-A0B6-2C45D3E979C7}.Debug|Any CPU.Build.0 = Debug|Any CPU
		{2F3D8CB9-4330-4D8E-A0B6-2C45D3E979C7}.Release|Any CPU.ActiveCfg = Release|Any CPU
		{2F3D8CB9-4330-4D8E-A0B6-2C45D3E979C7}.Release|Any CPU.Build.0 = Release|Any CPU
		{472C6D98-A976-46A0-84AE-9F5D3E115D5F}.Debug|Any CPU.ActiveCfg = Debug|Any CPU
		{472C6D98-A976-46A0-84AE-9F5D3E115D5F}.Debug|Any CPU.Build.0 = Debug|Any CPU
		{472C6D98-A976-46A0-84AE-9F5D3E115D5F}.Release|Any CPU.ActiveCfg = Release|Any CPU
		{472C6D98-A976-46A0-84AE-9F5D3E115D5F}.Release|Any CPU.Build.0 = Release|Any CPU
		{9EC1D275-5618-470E-930F-40F0565FA163}.Debug|Any CPU.ActiveCfg = Debug|Any CPU
		{9EC1D275-5618-470E-930F-40F0565FA163}.Debug|Any CPU.Build.0 = Debug|Any CPU
		{9EC1D275-5618-470E-930F-40F0565FA163}.Release|Any CPU.ActiveCfg = Release|Any CPU
		{9EC1D275-5618-470E-930F-40F0565FA163}.Release|Any CPU.Build.0 = Release|Any CPU
		{ACB1F803-6815-4F74-8545-04494F690318}.Debug|Any CPU.ActiveCfg = Debug|Any CPU
		{ACB1F803-6815-4F74-8545-04494F690318}.Debug|Any CPU.Build.0 = Debug|Any CPU
		{ACB1F803-6815-4F74-8545-04494F690318}.Release|Any CPU.ActiveCfg = Release|Any CPU
		{ACB1F803-6815-4F74-8545-04494F690318}.Release|Any CPU.Build.0 = Release|Any CPU
	EndGlobalSection
	GlobalSection(NestedProjects) = preSolution
		{DECA999B-1297-4304-868E-939E98254A33} = {6D0D496E-8FB3-4704-A55A-B9D77761E75F}
		{8C5CD065-BF75-4FB8-BCEB-8539D836795B} = {6D0D496E-8FB3-4704-A55A-B9D77761E75F}
		{49ED0EB7-C8C1-4428-93FE-AEA778A5EE82} = {6D0D496E-8FB3-4704-A55A-B9D77761E75F}
		{162B83D9-8A8B-4D68-BF87-F7BCF7196CE6} = {6D0D496E-8FB3-4704-A55A-B9D77761E75F}
		{2F3D8CB9-4330-4D8E-A0B6-2C45D3E979C7} = {6D0D496E-8FB3-4704-A55A-B9D77761E75F}
		{472C6D98-A976-46A0-84AE-9F5D3E115D5F} = {868F687A-85FB-4FBE-8A55-6D41322387CA}
		{9EC1D275-5618-470E-930F-40F0565FA163} = {868F687A-85FB-4FBE-8A55-6D41322387CA}
		{ACB1F803-6815-4F74-8545-04494F690318} = {868F687A-85FB-4FBE-8A55-6D41322387CA}
	EndGlobalSection
EndGlobal
